<Solution>
  <Project Path="src/BuildingBlocks/Mbb.Archive.BuildingBlocks.Domain/Mbb.Archive.BuildingBlocks.Domain.csproj" />
  <Project Path="src/BuildingBlocks/Mbb.Archive.BuildingBlocks.Application/Mbb.Archive.BuildingBlocks.Application.csproj" />
  <Project Path="src/BuildingBlocks/Mbb.Archive.BuildingBlocks.Messaging.RabbitMq/Mbb.Archive.BuildingBlocks.Messaging.RabbitMq.csproj" />
  <Project Path="src/BuildingBlocks/Mbb.Archive.BuildingBlocks.Presentation/Mbb.Archive.BuildingBlocks.Presentation.csproj" />
  <Project Path="src/Modules/Documents/Mbb.Archive.Modules.Documents.Contracts/Mbb.Archive.Modules.Documents.Contracts.csproj" />
  <Project Path="src/Modules/Documents/Mbb.Archive.Modules.Documents.Domain/Mbb.Archive.Modules.Documents.Domain.csproj" />
  <Project Path="src/Modules/Documents/Mbb.Archive.Modules.Documents.Application/Mbb.Archive.Modules.Documents.Application.csproj" />
  <Project Path="src/Modules/Documents/Mbb.Archive.Modules.Documents.Infrastructure/Mbb.Archive.Modules.Documents.Infrastructure.csproj" />
  <Project Path="src/Modules/Documents/Mbb.Archive.Modules.Documents.Presentation/Mbb.Archive.Modules.Documents.Presentation.csproj" />
  <Project Path="src/Host/Mbb.Archive.Api/Mbb.Archive.Api.csproj" />
  <Project Path="tests/Mbb.Archive.Modules.Documents.UnitTests/Mbb.Archive.Modules.Documents.UnitTests.csproj" />
  <Project Path="tests/Mbb.Archive.ArchitectureTests/Mbb.Archive.ArchitectureTests.csproj" />
  <Project Path="src/Workers/Mbb.Archive.Worker.SecurityScan/Mbb.Archive.Worker.SecurityScan.csproj" />
  <Project Path="src/Modules/Processing/Mbb.Archive.Modules.Processing.Contracts/Mbb.Archive.Modules.Processing.Contracts.csproj" />
  <Project Path="src/Modules/Processing/Mbb.Archive.Modules.Processing.Domain/Mbb.Archive.Modules.Processing.Domain.csproj" />
  <Project Path="src/Modules/Processing/Mbb.Archive.Modules.Processing.Application/Mbb.Archive.Modules.Processing.Application.csproj" />
  <Project Path="src/Modules/Processing/Mbb.Archive.Modules.Processing.Infrastructure/Mbb.Archive.Modules.Processing.Infrastructure.csproj" />
  <Project Path="src/Modules/Processing/Mbb.Archive.Modules.Processing.Presentation/Mbb.Archive.Modules.Processing.Presentation.csproj" />
  <Project Path="tests/Mbb.Archive.Modules.Processing.UnitTests/Mbb.Archive.Modules.Processing.UnitTests.csproj" />
  <Project Path="src/Modules/Classification/Mbb.Archive.Modules.Classification.Domain/Mbb.Archive.Modules.Classification.Domain.csproj" />
  <Project Path="src/Modules/Classification/Mbb.Archive.Modules.Classification.Application/Mbb.Archive.Modules.Classification.Application.csproj" />
  <Project Path="src/Modules/Classification/Mbb.Archive.Modules.Classification.Infrastructure/Mbb.Archive.Modules.Classification.Infrastructure.csproj" />
  <Project Path="src/Modules/Classification/Mbb.Archive.Modules.Classification.Presentation/Mbb.Archive.Modules.Classification.Presentation.csproj" />
  <Project Path="tests/Mbb.Archive.Modules.Classification.UnitTests/Mbb.Archive.Modules.Classification.UnitTests.csproj" />
  <Project Path="src/Modules/Classification/Mbb.Archive.Modules.Classification.Contracts/Mbb.Archive.Modules.Classification.Contracts.csproj" />
  <Project Path="src/Modules/Search/Mbb.Archive.Modules.Search.Contracts/Mbb.Archive.Modules.Search.Contracts.csproj" />
  <Project Path="src/Modules/Search/Mbb.Archive.Modules.Search.Domain/Mbb.Archive.Modules.Search.Domain.csproj" />
  <Project Path="src/Modules/Search/Mbb.Archive.Modules.Search.Application/Mbb.Archive.Modules.Search.Application.csproj" />
  <Project Path="src/Modules/Search/Mbb.Archive.Modules.Search.Infrastructure/Mbb.Archive.Modules.Search.Infrastructure.csproj" />
  <Project Path="src/Modules/Search/Mbb.Archive.Modules.Search.Presentation/Mbb.Archive.Modules.Search.Presentation.csproj" />
  <Project Path="tests/Mbb.Archive.Modules.Search.UnitTests/Mbb.Archive.Modules.Search.UnitTests.csproj" />
  <Project Path="src/Modules/Archive/Mbb.Archive.Modules.Archive.Contracts/Mbb.Archive.Modules.Archive.Contracts.csproj" />
  <Project Path="src/Modules/Archive/Mbb.Archive.Modules.Archive.Domain/Mbb.Archive.Modules.Archive.Domain.csproj" />
  <Project Path="src/Modules/Archive/Mbb.Archive.Modules.Archive.Application/Mbb.Archive.Modules.Archive.Application.csproj" />
  <Project Path="src/Modules/Archive/Mbb.Archive.Modules.Archive.Infrastructure/Mbb.Archive.Modules.Archive.Infrastructure.csproj" />
  <Project Path="src/Modules/Archive/Mbb.Archive.Modules.Archive.Presentation/Mbb.Archive.Modules.Archive.Presentation.csproj" />
  <Project Path="src/Modules/Retention/Mbb.Archive.Modules.Retention.Contracts/Mbb.Archive.Modules.Retention.Contracts.csproj" />
  <Project Path="src/Modules/Retention/Mbb.Archive.Modules.Retention.Domain/Mbb.Archive.Modules.Retention.Domain.csproj" />
  <Project Path="src/Modules/Retention/Mbb.Archive.Modules.Retention.Application/Mbb.Archive.Modules.Retention.Application.csproj" />
  <Project Path="src/Modules/Retention/Mbb.Archive.Modules.Retention.Infrastructure/Mbb.Archive.Modules.Retention.Infrastructure.csproj" />
  <Project Path="src/Modules/Retention/Mbb.Archive.Modules.Retention.Presentation/Mbb.Archive.Modules.Retention.Presentation.csproj" />
  <Project Path="src/Modules/AccessControl/Mbb.Archive.Modules.AccessControl.Domain/Mbb.Archive.Modules.AccessControl.Domain.csproj" />
  <Project Path="src/Modules/AccessControl/Mbb.Archive.Modules.AccessControl.Application/Mbb.Archive.Modules.AccessControl.Application.csproj" />
  <Project Path="src/Modules/AccessControl/Mbb.Archive.Modules.AccessControl.Infrastructure/Mbb.Archive.Modules.AccessControl.Infrastructure.csproj" />
  <Project Path="src/Modules/AccessControl/Mbb.Archive.Modules.AccessControl.Presentation/Mbb.Archive.Modules.AccessControl.Presentation.csproj" />
  <Project Path="src/Modules/Audit/Mbb.Archive.Modules.Audit.Infrastructure/Mbb.Archive.Modules.Audit.Infrastructure.csproj" />
  <Project Path="src/Modules/Audit/Mbb.Archive.Modules.Audit.Presentation/Mbb.Archive.Modules.Audit.Presentation.csproj" />
  <Project Path="src/Modules/Workflow/Mbb.Archive.Modules.Workflow.Domain/Mbb.Archive.Modules.Workflow.Domain.csproj" />
  <Project Path="src/Modules/Workflow/Mbb.Archive.Modules.Workflow.Application/Mbb.Archive.Modules.Workflow.Application.csproj" />
  <Project Path="src/Modules/Workflow/Mbb.Archive.Modules.Workflow.Infrastructure/Mbb.Archive.Modules.Workflow.Infrastructure.csproj" />
  <Project Path="src/Modules/Workflow/Mbb.Archive.Modules.Workflow.Presentation/Mbb.Archive.Modules.Workflow.Presentation.csproj" />
  <Project Path="tests/Mbb.Archive.Modules.Archive.UnitTests/Mbb.Archive.Modules.Archive.UnitTests.csproj" />
  <Project Path="tests/Mbb.Archive.Modules.Retention.UnitTests/Mbb.Archive.Modules.Retention.UnitTests.csproj" />
  <Project Path="src/Modules/PhysicalArchive/Mbb.Archive.Modules.PhysicalArchive.Contracts/Mbb.Archive.Modules.PhysicalArchive.Contracts.csproj" />
  <Project Path="src/Modules/PhysicalArchive/Mbb.Archive.Modules.PhysicalArchive.Domain/Mbb.Archive.Modules.PhysicalArchive.Domain.csproj" />
  <Project Path="src/Modules/PhysicalArchive/Mbb.Archive.Modules.PhysicalArchive.Application/Mbb.Archive.Modules.PhysicalArchive.Application.csproj" />
  <Project Path="src/Modules/PhysicalArchive/Mbb.Archive.Modules.PhysicalArchive.Infrastructure/Mbb.Archive.Modules.PhysicalArchive.Infrastructure.csproj" />
  <Project Path="src/Modules/PhysicalArchive/Mbb.Archive.Modules.PhysicalArchive.Presentation/Mbb.Archive.Modules.PhysicalArchive.Presentation.csproj" />
  <Project Path="src/Modules/Workflow/Mbb.Archive.Modules.Workflow.Contracts/Mbb.Archive.Modules.Workflow.Contracts.csproj" />
  <Project Path="tests/Mbb.Archive.Modules.PhysicalArchive.UnitTests/Mbb.Archive.Modules.PhysicalArchive.UnitTests.csproj" />
  <Project Path="tests/Mbb.Archive.Modules.Workflow.UnitTests/Mbb.Archive.Modules.Workflow.UnitTests.csproj" />
  <Project Path="src/Modules/Evidence/Mbb.Archive.Modules.Evidence.Contracts/Mbb.Archive.Modules.Evidence.Contracts.csproj" />
  <Project Path="src/Modules/Evidence/Mbb.Archive.Modules.Evidence.Domain/Mbb.Archive.Modules.Evidence.Domain.csproj" />
  <Project Path="src/Modules/Evidence/Mbb.Archive.Modules.Evidence.Application/Mbb.Archive.Modules.Evidence.Application.csproj" />
  <Project Path="src/Modules/Evidence/Mbb.Archive.Modules.Evidence.Infrastructure/Mbb.Archive.Modules.Evidence.Infrastructure.csproj" />
  <Project Path="src/Modules/Evidence/Mbb.Archive.Modules.Evidence.Presentation/Mbb.Archive.Modules.Evidence.Presentation.csproj" />
  <Project Path="src/Modules/OfficialCorrespondence/Mbb.Archive.Modules.OfficialCorrespondence.Contracts/Mbb.Archive.Modules.OfficialCorrespondence.Contracts.csproj" />
  <Project Path="src/Modules/OfficialCorrespondence/Mbb.Archive.Modules.OfficialCorrespondence.Domain/Mbb.Archive.Modules.OfficialCorrespondence.Domain.csproj" />
  <Project Path="src/Modules/OfficialCorrespondence/Mbb.Archive.Modules.OfficialCorrespondence.Application/Mbb.Archive.Modules.OfficialCorrespondence.Application.csproj" />
  <Project Path="src/Modules/OfficialCorrespondence/Mbb.Archive.Modules.OfficialCorrespondence.Infrastructure/Mbb.Archive.Modules.OfficialCorrespondence.Infrastructure.csproj" />
  <Project Path="src/Modules/OfficialCorrespondence/Mbb.Archive.Modules.OfficialCorrespondence.Presentation/Mbb.Archive.Modules.OfficialCorrespondence.Presentation.csproj" />
  <Project Path="tests/Mbb.Archive.Modules.Evidence.UnitTests/Mbb.Archive.Modules.Evidence.UnitTests.csproj" />
  <Project Path="tests/Mbb.Archive.Modules.OfficialCorrespondence.UnitTests/Mbb.Archive.Modules.OfficialCorrespondence.UnitTests.csproj" />
  <Project Path="src/BuildingBlocks/Mbb.Archive.BuildingBlocks.Observability/Mbb.Archive.BuildingBlocks.Observability.csproj" />
  <Project Path="src/Modules/Operations/Mbb.Archive.Modules.Operations.Domain/Mbb.Archive.Modules.Operations.Domain.csproj" />
  <Project Path="src/Modules/Operations/Mbb.Archive.Modules.Operations.Application/Mbb.Archive.Modules.Operations.Application.csproj" />
  <Project Path="src/Modules/Operations/Mbb.Archive.Modules.Operations.Infrastructure/Mbb.Archive.Modules.Operations.Infrastructure.csproj" />
  <Project Path="src/Modules/Operations/Mbb.Archive.Modules.Operations.Presentation/Mbb.Archive.Modules.Operations.Presentation.csproj" />
  <Project Path="tests/Mbb.Archive.Modules.Operations.UnitTests/Mbb.Archive.Modules.Operations.UnitTests.csproj" />
</Solution>